
Microsoft Visual Studio Solution File, Format Version 12.00
# Visual Studio Version 16
VisualStudioVersion = 16.0.30413.136
MinimumVisualStudioVersion = 10.0.40219.1
Project("{FAE04EC0-301F-11D3-BF4B-00C04F79EFBC}") = "001_events", "001_events\001_events.csproj", "{96FF084B-2B65-4313-AEA6-4C5361529BF7}"
EndProject
Project("{FAE04EC0-301F-11D3-BF4B-00C04F79EFBC}") = "002_events", "002_events\002_events.csproj", "{3A3D8D75-00E7-4BD9-8339-7DFA33DFD20E}"
EndProject
Global
	GlobalSection(SolutionConfigurationPlatforms) = preSolution
		Debug|Any CPU = Debug|Any CPU
		Release|Any CPU = Release|Any CPU
	EndGlobalSection
	GlobalSection(ProjectConfigurationPlatforms) = postSolution
		{96FF084B-2B65-4313-AEA6-4C5361529BF7}.Debug|Any CPU.ActiveCfg = Debug|Any CPU
		{96FF084B-2B65-4313-AEA6-4C5361529BF7}.Debug|Any CPU.Build.0 = Debug|Any CPU
		{96FF084B-2B65-4313-AEA6-4C5361529BF7}.Release|Any CPU.ActiveCfg = Release|Any CPU
		{96FF084B-2B65-4313-AEA6-4C5361529BF7}.Release|Any CPU.Build.0 = Release|Any CPU
		{3A3D8D75-00E7-4BD9-8339-7DFA33DFD20E}.Debug|Any CPU.ActiveCfg = Debug|Any CPU
		{3A3D8D75-00E7-4BD9-8339-7DFA33DFD20E}.Debug|Any CPU.Build.0 = Debug|Any CPU
		{3A3D8D75-00E7-4BD9-8339-7DFA33DFD20E}.Release|Any CPU.ActiveCfg = Release|Any CPU
		{3A3D8D75-00E7-4BD9-8339-7DFA33DFD20E}.Release|Any CPU.Build.0 = Release|Any CPU
	EndGlobalSection
	GlobalSection(SolutionProperties) = preSolution
		HideSolutionNode = FALSE
	EndGlobalSection
	GlobalSection(ExtensibilityGlobals) = postSolution
		SolutionGuid = {3C75E5C4-756D-4B05-A23B-88D28950CD66}
	EndGlobalSection
EndGlobal
